
Microsoft Visual Studio Solution File, Format Version 12.00
# Visual Studio Version 16
VisualStudioVersion = 16.0.30128.74
MinimumVisualStudioVersion = 10.0.40219.1
Project("{2150E333-8FDC-42A3-9474-1A3956D46DE8}") = "cpp", "cpp", "{EB38D131-BAD9-45BD-8E43-D74CD8246E9A}"
EndProject
Project("{2150E333-8FDC-42A3-9474-1A3956D46DE8}") = ".netFramework", ".netFramework", "{7314FE0F-BFFB-4AD1-B387-1EF1C2E8DBEE}"
EndProject
Project("{8BC9CEB8-8B4A-11D0-8D11-00A0C91BC942}") = "internal", "cpp\internal\internal.vcxproj", "{BAA03D89-67C4-44B3-85F0-0F0BEE588E2F}"
EndProject
Project("{8BC9CEB8-8B4A-11D0-8D11-00A0C91BC942}") = "external", "cpp\external\external.vcxproj", "{823AEE57-DF97-4B07-91F3-B0BA067E2F98}"
EndProject
Project("{FAE04EC0-301F-11D3-BF4B-00C04F79EFBC}") = "external.net", ".netFramework\external.net\external.net.csproj", "{1E43E6B9-BAE4-4F86-8424-E4AC59678A33}"
EndProject
Project("{FAE04EC0-301F-11D3-BF4B-00C04F79EFBC}") = "internal.net", ".netFramework\internal.net\internal.net.csproj", "{983A6F53-112E-4858-97F8-1F5B326C7692}"
EndProject
Project("{8BC9CEB8-8B4A-11D0-8D11-00A0C91BC942}") = "shared", "cpp\shared\shared.vcxitems", "{3F3B37B8-7B20-4733-9616-B90C18697315}"
EndProject
Global
	GlobalSection(SolutionConfigurationPlatforms) = preSolution
		Debug|Any CPU = Debug|Any CPU
		Debug|x64 = Debug|x64
		Debug|x86 = Debug|x86
		Release|Any CPU = Release|Any CPU
		Release|x64 = Release|x64
		Release|x86 = Release|x86
	EndGlobalSection
	GlobalSection(ProjectConfigurationPlatforms) = postSolution
		{BAA03D89-67C4-44B3-85F0-0F0BEE588E2F}.Debug|Any CPU.ActiveCfg = Debug|Win32
		{BAA03D89-67C4-44B3-85F0-0F0BEE588E2F}.Debug|x64.ActiveCfg = Debug|x64
		{BAA03D89-67C4-44B3-85F0-0F0BEE588E2F}.Debug|x64.Build.0 = Debug|x64
		{BAA03D89-67C4-44B3-85F0-0F0BEE588E2F}.Debug|x86.ActiveCfg = Debug|Win32
		{BAA03D89-67C4-44B3-85F0-0F0BEE588E2F}.Debug|x86.Build.0 = Debug|Win32
		{BAA03D89-67C4-44B3-85F0-0F0BEE588E2F}.Release|Any CPU.ActiveCfg = Release|Win32
		{BAA03D89-67C4-44B3-85F0-0F0BEE588E2F}.Release|x64.ActiveCfg = Release|x64
		{BAA03D89-67C4-44B3-85F0-0F0BEE588E2F}.Release|x64.Build.0 = Release|x64
		{BAA03D89-67C4-44B3-85F0-0F0BEE588E2F}.Release|x86.ActiveCfg = Release|Win32
		{BAA03D89-67C4-44B3-85F0-0F0BEE588E2F}.Release|x86.Build.0 = Release|Win32
		{823AEE57-DF97-4B07-91F3-B0BA067E2F98}.Debug|Any CPU.ActiveCfg = Debug|Win32
		{823AEE57-DF97-4B07-91F3-B0BA067E2F98}.Debug|x64.ActiveCfg = Debug|x64
		{823AEE57-DF97-4B07-91F3-B0BA067E2F98}.Debug|x64.Build.0 = Debug|x64
		{823AEE57-DF97-4B07-91F3-B0BA067E2F98}.Debug|x86.ActiveCfg = Debug|Win32
		{823AEE57-DF97-4B07-91F3-B0BA067E2F98}.Debug|x86.Build.0 = Debug|Win32
		{823AEE57-DF97-4B07-91F3-B0BA067E2F98}.Release|Any CPU.ActiveCfg = Release|Win32
		{823AEE57-DF97-4B07-91F3-B0BA067E2F98}.Release|x64.ActiveCfg = Release|x64
		{823AEE57-DF97-4B07-91F3-B0BA067E2F98}.Release|x64.Build.0 = Release|x64
		{823AEE57-DF97-4B07-91F3-B0BA067E2F98}.Release|x86.ActiveCfg = Release|Win32
		{823AEE57-DF97-4B07-91F3-B0BA067E2F98}.Release|x86.Build.0 = Release|Win32
		{1E43E6B9-BAE4-4F86-8424-E4AC59678A33}.Debug|Any CPU.ActiveCfg = Debug|Any CPU
		{1E43E6B9-BAE4-4F86-8424-E4AC59678A33}.Debug|Any CPU.Build.0 = Debug|Any CPU
		{1E43E6B9-BAE4-4F86-8424-E4AC59678A33}.Debug|x64.ActiveCfg = Debug|Any CPU
		{1E43E6B9-BAE4-4F86-8424-E4AC59678A33}.Debug|x64.Build.0 = Debug|Any CPU
		{1E43E6B9-BAE4-4F86-8424-E4AC59678A33}.Debug|x86.ActiveCfg = Debug|Any CPU
		{1E43E6B9-BAE4-4F86-8424-E4AC59678A33}.Debug|x86.Build.0 = Debug|Any CPU
		{1E43E6B9-BAE4-4F86-8424-E4AC59678A33}.Release|Any CPU.ActiveCfg = Release|Any CPU
		{1E43E6B9-BAE4-4F86-8424-E4AC59678A33}.Release|Any CPU.Build.0 = Release|Any CPU
		{1E43E6B9-BAE4-4F86-8424-E4AC59678A33}.Release|x64.ActiveCfg = Release|Any CPU
		{1E43E6B9-BAE4-4F86-8424-E4AC59678A33}.Release|x64.Build.0 = Release|Any CPU
		{1E43E6B9-BAE4-4F86-8424-E4AC59678A33}.Release|x86.ActiveCfg = Release|Any CPU
		{1E43E6B9-BAE4-4F86-8424-E4AC59678A33}.Release|x86.Build.0 = Release|Any CPU
		{983A6F53-112E-4858-97F8-1F5B326C7692}.Debug|Any CPU.ActiveCfg = Debug|Any CPU
		{983A6F53-112E-4858-97F8-1F5B326C7692}.Debug|Any CPU.Build.0 = Debug|Any CPU
		{983A6F53-112E-4858-97F8-1F5B326C7692}.Debug|x64.ActiveCfg = Debug|Any CPU
		{983A6F53-112E-4858-97F8-1F5B326C7692}.Debug|x64.Build.0 = Debug|Any CPU
		{983A6F53-112E-4858-97F8-1F5B326C7692}.Debug|x86.ActiveCfg = Debug|Any CPU
		{983A6F53-112E-4858-97F8-1F5B326C7692}.Debug|x86.Build.0 = Debug|Any CPU
		{983A6F53-112E-4858-97F8-1F5B326C7692}.Release|Any CPU.ActiveCfg = Release|Any CPU
		{983A6F53-112E-4858-97F8-1F5B326C7692}.Release|Any CPU.Build.0 = Release|Any CPU
		{983A6F53-112E-4858-97F8-1F5B326C7692}.Release|x64.ActiveCfg = Release|Any CPU
		{983A6F53-112E-4858-97F8-1F5B326C7692}.Release|x64.Build.0 = Release|Any CPU
		{983A6F53-112E-4858-97F8-1F5B326C7692}.Release|x86.ActiveCfg = Release|Any CPU
		{983A6F53-112E-4858-97F8-1F5B326C7692}.Release|x86.Build.0 = Release|Any CPU
	EndGlobalSection
	GlobalSection(SolutionProperties) = preSolution
		HideSolutionNode = FALSE
	EndGlobalSection
	GlobalSection(NestedProjects) = preSolution
		{BAA03D89-67C4-44B3-85F0-0F0BEE588E2F} = {EB38D131-BAD9-45BD-8E43-D74CD8246E9A}
		{823AEE57-DF97-4B07-91F3-B0BA067E2F98} = {EB38D131-BAD9-45BD-8E43-D74CD8246E9A}
		{1E43E6B9-BAE4-4F86-8424-E4AC59678A33} = {7314FE0F-BFFB-4AD1-B387-1EF1C2E8DBEE}
		{983A6F53-112E-4858-97F8-1F5B326C7692} = {7314FE0F-BFFB-4AD1-B387-1EF1C2E8DBEE}
		{3F3B37B8-7B20-4733-9616-B90C18697315} = {EB38D131-BAD9-45BD-8E43-D74CD8246E9A}
	EndGlobalSection
	GlobalSection(ExtensibilityGlobals) = postSolution
		SolutionGuid = {A601BE20-3C90-42F5-9FBB-A57209C8403B}
	EndGlobalSection
EndGlobal
